{
  "name": "@nodenv/nodenv-man",
  "version": "1.1.0",
  "lockfileVersion": 1,
  "requires": true,
  "dependencies": {
    "bats": {
      "version": "1.1.0",
      "resolved": "https://registry.npmjs.org/bats/-/bats-1.1.0.tgz",
      "integrity": "sha512-1pA29OhDByrUtAXX+nmqZxgRgx2y8PvuZzbLJVjd2dpEDVDvz0MjcBMdmIPNq5lC+tG53G+RbeRsbIlv3vw7tg==",
      "dev": true
    },
    "bats-assert": {
      "version": "2.0.0",
      "resolved": "https://registry.npmjs.org/bats-assert/-/bats-assert-2.0.0.tgz",
      "integrity": "sha512-qO3kNilWxW8iCONu9NDUfvsCiC6JzL6DPOc/DGq9z3bZ9/A7wURJ+FnFMxGbofOmWbCoy7pVhofn0o47A95qkQ==",
      "dev": true
    },
    "bats-mock": {
      "version": "1.0.1",
      "resolved": false,
      "integrity": "sha1-+G19H84+RhU4L2PemvX/3+dN9dU=",
      "dev": true
    },
    "brew-publish": {
      "version": "2.3.1",
      "resolved": "https://registry.npmjs.org/brew-publish/-/brew-publish-2.3.1.tgz",
      "integrity": "sha512-JtitWM9jtnQk2gerUbvpiYJqUPYrvU43Wet1FDm9w81nJJO4BLAeVLUTFWQTQkV7QtE3AVO203R/67NeTMxzVw==",
      "dev": true
    }
  }
}
